
Microsoft Visual Studio Solution File, Format Version 12.00
# Visual Studio Version 17
VisualStudioVersion = 17.5.002.0
MinimumVisualStudioVersion = 10.0.40219.1
Project("{9A19103F-16F7-4668-BE54-9A1E7A4F7556}") = "BackEnd", "BackEnd.csproj", "{19F42959-A961-4226-BE32-198C45E01209}"
EndProject
Global
	GlobalSection(SolutionConfigurationPlatforms) = preSolution
		Debug|Any CPU = Debug|Any CPU
		Release|Any CPU = Release|Any CPU
	EndGlobalSection
	GlobalSection(ProjectConfigurationPlatforms) = postSolution
		{19F42959-A961-4226-BE32-198C45E01209}.Debug|Any CPU.ActiveCfg = Debug|Any CPU
		{19F42959-A961-4226-BE32-198C45E01209}.Debug|Any CPU.Build.0 = Debug|Any CPU
		{19F42959-A961-4226-BE32-198C45E01209}.Release|Any CPU.ActiveCfg = Release|Any CPU
		{19F42959-A961-4226-BE32-198C45E01209}.Release|Any CPU.Build.0 = Release|Any CPU
	EndGlobalSection
	GlobalSection(SolutionProperties) = preSolution
		HideSolutionNode = FALSE
	EndGlobalSection
	GlobalSection(ExtensibilityGlobals) = postSolution
		SolutionGuid = {299A46EC-740E-4CB5-ABF7-719F22F1BA9F}
	EndGlobalSection
EndGlobal
